
Microsoft Visual Studio Solution File, Format Version 12.00
Project("{FAE04EC0-301F-11D3-BF4B-00C04F79EFBC}") = "Thermo.Web", "Thermo.Web\Thermo.Web.csproj", "{753C4E20-F1C5-4EDC-A8F6-31A55D3D0FE1}"
EndProject
Global
	GlobalSection(SolutionConfigurationPlatforms) = preSolution
		Debug|Any CPU = Debug|Any CPU
		Release|Any CPU = Release|Any CPU
	EndGlobalSection
	GlobalSection(ProjectConfigurationPlatforms) = postSolution
		{753C4E20-F1C5-4EDC-A8F6-31A55D3D0FE1}.Debug|Any CPU.ActiveCfg = Debug|Any CPU
		{753C4E20-F1C5-4EDC-A8F6-31A55D3D0FE1}.Debug|Any CPU.Build.0 = Debug|Any CPU
		{753C4E20-F1C5-4EDC-A8F6-31A55D3D0FE1}.Release|Any CPU.ActiveCfg = Release|Any CPU
		{753C4E20-F1C5-4EDC-A8F6-31A55D3D0FE1}.Release|Any CPU.Build.0 = Release|Any CPU
	EndGlobalSection
EndGlobal
